
Microsoft Visual Studio Solution File, Format Version 12.00
# Visual Studio 15
VisualStudioVersion = 15.0.28307.645
MinimumVisualStudioVersion = 10.0.40219.1
Project("{FAE04EC0-301F-11D3-BF4B-00C04F79EFBC}") = "MapsApp.Core", "MapsApp.Core\MapsApp.Core.csproj", "{78BCB17A-FDDD-47EF-9F34-C92BFA0B1B45}"
EndProject
Project("{FAE04EC0-301F-11D3-BF4B-00C04F79EFBC}") = "MapsApp.Core.UnitTest", "MapsApp.Core.UnitTest\MapsApp.Core.UnitTest.csproj", "{E5A151E9-B48B-41D2-B115-F07465D84BAA}"
EndProject
Project("{FAE04EC0-301F-11D3-BF4B-00C04F79EFBC}") = "MapsApp.Droid", "MapsApp.Droid\MapsApp.Droid.csproj", "{5FB8E8A8-0365-47E5-A26B-A8E846B2D432}"
EndProject
Global
	GlobalSection(SolutionConfigurationPlatforms) = preSolution
		Debug|Any CPU = Debug|Any CPU
		Release|Any CPU = Release|Any CPU
	EndGlobalSection
	GlobalSection(ProjectConfigurationPlatforms) = postSolution
		{78BCB17A-FDDD-47EF-9F34-C92BFA0B1B45}.Debug|Any CPU.ActiveCfg = Debug|Any CPU
		{78BCB17A-FDDD-47EF-9F34-C92BFA0B1B45}.Debug|Any CPU.Build.0 = Debug|Any CPU
		{78BCB17A-FDDD-47EF-9F34-C92BFA0B1B45}.Release|Any CPU.ActiveCfg = Release|Any CPU
		{78BCB17A-FDDD-47EF-9F34-C92BFA0B1B45}.Release|Any CPU.Build.0 = Release|Any CPU
		{E5A151E9-B48B-41D2-B115-F07465D84BAA}.Debug|Any CPU.ActiveCfg = Debug|Any CPU
		{E5A151E9-B48B-41D2-B115-F07465D84BAA}.Debug|Any CPU.Build.0 = Debug|Any CPU
		{E5A151E9-B48B-41D2-B115-F07465D84BAA}.Release|Any CPU.ActiveCfg = Release|Any CPU
		{E5A151E9-B48B-41D2-B115-F07465D84BAA}.Release|Any CPU.Build.0 = Release|Any CPU
		{5FB8E8A8-0365-47E5-A26B-A8E846B2D432}.Debug|Any CPU.ActiveCfg = Debug|Any CPU
		{5FB8E8A8-0365-47E5-A26B-A8E846B2D432}.Debug|Any CPU.Build.0 = Debug|Any CPU
		{5FB8E8A8-0365-47E5-A26B-A8E846B2D432}.Debug|Any CPU.Deploy.0 = Debug|Any CPU
		{5FB8E8A8-0365-47E5-A26B-A8E846B2D432}.Release|Any CPU.ActiveCfg = Release|Any CPU
		{5FB8E8A8-0365-47E5-A26B-A8E846B2D432}.Release|Any CPU.Build.0 = Release|Any CPU
		{5FB8E8A8-0365-47E5-A26B-A8E846B2D432}.Release|Any CPU.Deploy.0 = Release|Any CPU
	EndGlobalSection
	GlobalSection(SolutionProperties) = preSolution
		HideSolutionNode = FALSE
	EndGlobalSection
	GlobalSection(ExtensibilityGlobals) = postSolution
		SolutionGuid = {E6AEC892-D399-4CE2-A4FD-02B13A3A1AA1}
	EndGlobalSection
EndGlobal
